
Microsoft Visual Studio Solution File, Format Version 10.00
# Visual Studio 2008
Project("{FAE04EC0-301F-11D3-BF4B-00C04F79EFBC}") = "baseline", "baseline\baseline.csproj", "{2F73ADCE-DC8F-4BBE-990C-14C7108F6B4D}"
EndProject
Project("{FAE04EC0-301F-11D3-BF4B-00C04F79EFBC}") = "BackEnd", "BackEnd\BackEnd.csproj", "{7753A561-4ACD-476B-8C38-A5116EB1E32F}"
EndProject
Project("{54435603-DBB4-11D2-8724-00A0C9A8B90C}") = "Input", "Input\Input.vdproj", "{91385EDD-CA3D-42F8-91EF-0D337B6DB257}"
EndProject
Global
	GlobalSection(SolutionConfigurationPlatforms) = preSolution
		Debug|Any CPU = Debug|Any CPU
		Release|Any CPU = Release|Any CPU
	EndGlobalSection
	GlobalSection(ProjectConfigurationPlatforms) = postSolution
		{2F73ADCE-DC8F-4BBE-990C-14C7108F6B4D}.Debug|Any CPU.ActiveCfg = Debug|Any CPU
		{2F73ADCE-DC8F-4BBE-990C-14C7108F6B4D}.Debug|Any CPU.Build.0 = Debug|Any CPU
		{2F73ADCE-DC8F-4BBE-990C-14C7108F6B4D}.Release|Any CPU.ActiveCfg = Release|Any CPU
		{2F73ADCE-DC8F-4BBE-990C-14C7108F6B4D}.Release|Any CPU.Build.0 = Release|Any CPU
		{7753A561-4ACD-476B-8C38-A5116EB1E32F}.Debug|Any CPU.ActiveCfg = Debug|Any CPU
		{7753A561-4ACD-476B-8C38-A5116EB1E32F}.Debug|Any CPU.Build.0 = Debug|Any CPU
		{7753A561-4ACD-476B-8C38-A5116EB1E32F}.Release|Any CPU.ActiveCfg = Release|Any CPU
		{7753A561-4ACD-476B-8C38-A5116EB1E32F}.Release|Any CPU.Build.0 = Release|Any CPU
		{91385EDD-CA3D-42F8-91EF-0D337B6DB257}.Debug|Any CPU.ActiveCfg = Debug
		{91385EDD-CA3D-42F8-91EF-0D337B6DB257}.Release|Any CPU.ActiveCfg = Release
	EndGlobalSection
	GlobalSection(SolutionProperties) = preSolution
		HideSolutionNode = FALSE
	EndGlobalSection
EndGlobal
